// !$*UTF8*$!
{
	archiveVersion = 1;
	classes = {
	};
	objectVersion = 50;
	objects = {

/* Begin PBXBuildFile section */
		3BB041212427C75C005759F6 /* AppDelegate.swift in Sources */ = {isa = PBXBuildFile; fileRef = 3BB041202427C75C005759F6 /* AppDelegate.swift */; };
		3BB041232427C75C005759F6 /* ViewController.swift in Sources */ = {isa = PBXBuildFile; fileRef = 3BB041222427C75C005759F6 /* ViewController.swift */; };
		3BB041262427C75C005759F6 /* Main.storyboard in Resources */ = {isa = PBXBuildFile; fileRef = 3BB041242427C75C005759F6 /* Main.storyboard */; };
		3BB041282427C75D005759F6 /* Assets.xcassets in Resources */ = {isa = PBXBuildFile; fileRef = 3BB041272427C75D005759F6 /* Assets.xcassets */; };
		3BB0412B2427C75D005759F6 /* LaunchScreen.storyboard in Resources */ = {isa = PBXBuildFile; fileRef = 3BB041292427C75D005759F6 /* LaunchScreen.storyboard */; };
		3BB041372427C7D9005759F6 /* MyDatabase.db in Resources */ = {isa = PBXBuildFile; fileRef = 3BB041362427C7D9005759F6 /* MyDatabase.db */; };
		3BB041392427C7F5005759F6 /* TableViewController.swift in Sources */ = {isa = PBXBuildFile; fileRef = 3BB041382427C7F5005759F6 /* TableViewController.swift */; };
		3BB0413B2427C804005759F6 /* PickerViewController.swift in Sources */ = {isa = PBXBuildFile; fileRef = 3BB0413A2427C804005759F6 /* PickerViewController.swift */; };
		3BB0413D2427CCD7005759F6 /* Data.swift in Sources */ = {isa = PBXBuildFile; fileRef = 3BB0413C2427CCD7005759F6 /* Data.swift */; };
		3BB041412427D041005759F6 /* libsqlite3.tbd in Frameworks */ = {isa = PBXBuildFile; fileRef = 3BB0413F2427D041005759F6 /* libsqlite3.tbd */; };
		3BB041422427D041005759F6 /* libsqlite3.0.tbd in Frameworks */ = {isa = PBXBuildFile; fileRef = 3BB041402427D041005759F6 /* libsqlite3.0.tbd */; };
		3BB041442427D3EA005759F6 /* SiteCell.swift in Sources */ = {isa = PBXBuildFile; fileRef = 3BB041432427D3EA005759F6 /* SiteCell.swift */; };
/* End PBXBuildFile section */

/* Begin PBXFileReference section */
		3BB0411D2427C75C005759F6 /* MySqlLiteDatabaseApp.app */ = {isa = PBXFileReference; explicitFileType = wrapper.application; includeInIndex = 0; path = MySqlLiteDatabaseApp.app; sourceTree = BUILT_PRODUCTS_DIR; };
		3BB041202427C75C005759F6 /* AppDelegate.swift */ = {isa = PBXFileReference; lastKnownFileType = sourcecode.swift; path = AppDelegate.swift; sourceTree = "<group>"; };
		3BB041222427C75C005759F6 /* ViewController.swift */ = {isa = PBXFileReference; lastKnownFileType = sourcecode.swift; path = ViewController.swift; sourceTree = "<group>"; };
		3BB041252427C75C005759F6 /* Base */ = {isa = PBXFileReference; lastKnownFileType = file.storyboard; name = Base; path = Base.lproj/Main.storyboard; sourceTree = "<group>"; };
		3BB041272427C75D005759F6 /* Assets.xcassets */ = {isa = PBXFileReference; lastKnownFileType = folder.assetcatalog; path = Assets.xcassets; sourceTree = "<group>"; };
		3BB0412A2427C75D005759F6 /* Base */ = {isa = PBXFileReference; lastKnownFileType = file.storyboard; name = Base; path = Base.lproj/LaunchScreen.storyboard; sourceTree = "<group>"; };
		3BB0412C2427C75D005759F6 /* Info.plist */ = {isa = PBXFileReference; lastKnownFileType = text.plist.xml; path = Info.plist; sourceTree = "<group>"; };
		3BB041362427C7D9005759F6 /* MyDatabase.db */ = {isa = PBXFileReference; lastKnownFileType = file; path = MyDatabase.db; sourceTree = "<group>"; };
		3BB041382427C7F5005759F6 /* TableViewController.swift */ = {isa = PBXFileReference; lastKnownFileType = sourcecode.swift; path = TableViewController.swift; sourceTree = "<group>"; };
		3BB0413A2427C804005759F6 /* PickerViewController.swift */ = {isa = PBXFileReference; lastKnownFileType = sourcecode.swift; path = PickerViewController.swift; sourceTree = "<group>"; };
		3BB0413C2427CCD7005759F6 /* Data.swift */ = {isa = PBXFileReference; lastKnownFileType = sourcecode.swift; path = Data.swift; sourceTree = "<group>"; };
		3BB0413F2427D041005759F6 /* libsqlite3.tbd */ = {isa = PBXFileReference; lastKnownFileType = "sourcecode.text-based-dylib-definition"; name = libsqlite3.tbd; path = usr/lib/libsqlite3.tbd; sourceTree = SDKROOT; };
		3BB041402427D041005759F6 /* libsqlite3.0.tbd */ = {isa = PBXFileReference; lastKnownFileType = "sourcecode.text-based-dylib-definition"; name = libsqlite3.0.tbd; path = usr/lib/libsqlite3.0.tbd; sourceTree = SDKROOT; };
		3BB041432427D3EA005759F6 /* SiteCell.swift */ = {isa = PBXFileReference; fileEncoding = 4; lastKnownFileType = sourcecode.swift; path = SiteCell.swift; sourceTree = "<group>"; };
/* End PBXFileReference section */

/* Begin PBXFrameworksBuildPhase section */
		3BB0411A2427C75C005759F6 /* Frameworks */ = {
			isa = PBXFrameworksBuildPhase;
			buildActionMask = 2147483647;
			files = (
				3BB041412427D041005759F6 /* libsqlite3.tbd in Frameworks */,
				3BB041422427D041005759F6 /* libsqlite3.0.tbd in Frameworks */,
			);
			runOnlyForDeploymentPostprocessing = 0;
		};
/* End PBXFrameworksBuildPhase section */

/* Begin PBXGroup section */
		3BB041142427C75C005759F6 = {
			isa = PBXGroup;
			children = (
				3BB041352427C797005759F6 /* Storyboards */,
				3BB041342427C78D005759F6 /* Database */,
				3BB041332427C772005759F6 /* Classes */,
				3BB041322427C765005759F6 /* ViewControllers */,
				3BB0411F2427C75C005759F6 /* MySqlLiteDatabaseApp */,
				3BB0411E2427C75C005759F6 /* Products */,
				3BB0413E2427D041005759F6 /* Frameworks */,
			);
			sourceTree = "<group>";
		};
		3BB0411E2427C75C005759F6 /* Products */ = {
			isa = PBXGroup;
			children = (
				3BB0411D2427C75C005759F6 /* MySqlLiteDatabaseApp.app */,
			);
			name = Products;
			sourceTree = "<group>";
		};
		3BB0411F2427C75C005759F6 /* MySqlLiteDatabaseApp */ = {
			isa = PBXGroup;
			children = (
				3BB041272427C75D005759F6 /* Assets.xcassets */,
				3BB0412C2427C75D005759F6 /* Info.plist */,
			);
			path = MySqlLiteDatabaseApp;
			sourceTree = "<group>";
		};
		3BB041322427C765005759F6 /* ViewControllers */ = {
			isa = PBXGroup;
			children = (
				3BB041222427C75C005759F6 /* ViewController.swift */,
				3BB041382427C7F5005759F6 /* TableViewController.swift */,
				3BB0413A2427C804005759F6 /* PickerViewController.swift */,
			);
			path = ViewControllers;
			sourceTree = "<group>";
		};
		3BB041332427C772005759F6 /* Classes */ = {
			isa = PBXGroup;
			children = (
				3BB041432427D3EA005759F6 /* SiteCell.swift */,
				3BB041202427C75C005759F6 /* AppDelegate.swift */,
				3BB0413C2427CCD7005759F6 /* Data.swift */,
			);
			path = Classes;
			sourceTree = "<group>";
		};
		3BB041342427C78D005759F6 /* Database */ = {
			isa = PBXGroup;
			children = (
				3BB041362427C7D9005759F6 /* MyDatabase.db */,
			);
			path = Database;
			sourceTree = "<group>";
		};
		3BB041352427C797005759F6 /* Storyboards */ = {
			isa = PBXGroup;
			children = (
				3BB041292427C75D005759F6 /* LaunchScreen.storyboard */,
				3BB041242427C75C005759F6 /* Main.storyboard */,
			);
			path = Storyboards;
			sourceTree = "<group>";
		};
		3BB0413E2427D041005759F6 /* Frameworks */ = {
			isa = PBXGroup;
			children = (
				3BB041402427D041005759F6 /* libsqlite3.0.tbd */,
				3BB0413F2427D041005759F6 /* libsqlite3.tbd */,
			);
			name = Frameworks;
			sourceTree = "<group>";
		};
/* End PBXGroup section */

/* Begin PBXNativeTarget section */
		3BB0411C2427C75C005759F6 /* MySqlLiteDatabaseApp */ = {
			isa = PBXNativeTarget;
			buildConfigurationList = 3BB0412F2427C75D005759F6 /* Build configuration list for PBXNativeTarget "MySqlLiteDatabaseApp" */;
			buildPhases = (
				3BB041192427C75C005759F6 /* Sources */,
				3BB0411A2427C75C005759F6 /* Frameworks */,
				3BB0411B2427C75C005759F6 /* Resources */,
			);
			buildRules = (
			);
			dependencies = (
			);
			name = MySqlLiteDatabaseApp;
			productName = MySqlLiteDatabaseApp;
			productReference = 3BB0411D2427C75C005759F6 /* MySqlLiteDatabaseApp.app */;
			productType = "com.apple.product-type.application";
		};
/* End PBXNativeTarget section */

/* Begin PBXProject section */
		3BB041152427C75C005759F6 /* Project object */ = {
			isa = PBXProject;
			attributes = {
				LastSwiftUpdateCheck = 1030;
				LastUpgradeCheck = 1030;
				ORGANIZATIONNAME = Sherwin;
				TargetAttributes = {
					3BB0411C2427C75C005759F6 = {
						CreatedOnToolsVersion = 10.3;
					};
				};
			};
			buildConfigurationList = 3BB041182427C75C005759F6 /* Build configuration list for PBXProject "MySqlLiteDatabaseApp" */;
			compatibilityVersion = "Xcode 9.3";
			developmentRegion = en;
			hasScannedForEncodings = 0;
			knownRegions = (
				en,
				Base,
			);
			mainGroup = 3BB041142427C75C005759F6;
			productRefGroup = 3BB0411E2427C75C005759F6 /* Products */;
			projectDirPath = "";
			projectRoot = "";
			targets = (
				3BB0411C2427C75C005759F6 /* MySqlLiteDatabaseApp */,
			);
		};
/* End PBXProject section */

/* Begin PBXResourcesBuildPhase section */
		3BB0411B2427C75C005759F6 /* Resources */ = {
			isa = PBXResourcesBuildPhase;
			buildActionMask = 2147483647;
			files = (
				3BB041372427C7D9005759F6 /* MyDatabase.db in Resources */,
				3BB0412B2427C75D005759F6 /* LaunchScreen.storyboard in Resources */,
				3BB041282427C75D005759F6 /* Assets.xcassets in Resources */,
				3BB041262427C75C005759F6 /* Main.storyboard in Resources */,
			);
			runOnlyForDeploymentPostprocessing = 0;
		};
/* End PBXResourcesBuildPhase section */

/* Begin PBXSourcesBuildPhase section */
		3BB041192427C75C005759F6 /* Sources */ = {
			isa = PBXSourcesBuildPhase;
			buildActionMask = 2147483647;
			files = (
				3BB041232427C75C005759F6 /* ViewController.swift in Sources */,
				3BB0413D2427CCD7005759F6 /* Data.swift in Sources */,
				3BB041392427C7F5005759F6 /* TableViewController.swift in Sources */,
				3BB0413B2427C804005759F6 /* PickerViewController.swift in Sources */,
				3BB041442427D3EA005759F6 /* SiteCell.swift in Sources */,
				3BB041212427C75C005759F6 /* AppDelegate.swift in Sources */,
			);
			runOnlyForDeploymentPostprocessing = 0;
		};
/* End PBXSourcesBuildPhase section */

/* Begin PBXVariantGroup section */
		3BB041242427C75C005759F6 /* Main.storyboard */ = {
			isa = PBXVariantGroup;
			children = (
				3BB041252427C75C005759F6 /* Base */,
			);
			name = Main.storyboard;
			sourceTree = "<group>";
		};
		3BB041292427C75D005759F6 /* LaunchScreen.storyboard */ = {
			isa = PBXVariantGroup;
			children = (
				3BB0412A2427C75D005759F6 /* Base */,
			);
			name = LaunchScreen.storyboard;
			sourceTree = "<group>";
		};
/* End PBXVariantGroup section */

/* Begin XCBuildConfiguration section */
		3BB0412D2427C75D005759F6 /* Debug */ = {
			isa = XCBuildConfiguration;
			buildSettings = {
				ALWAYS_SEARCH_USER_PATHS = NO;
				CLANG_ANALYZER_NONNULL = YES;
				CLANG_ANALYZER_NUMBER_OBJECT_CONVERSION = YES_AGGRESSIVE;
				CLANG_CXX_LANGUAGE_STANDARD = "gnu++14";
				CLANG_CXX_LIBRARY = "libc++";
				CLANG_ENABLE_MODULES = YES;
				CLANG_ENABLE_OBJC_ARC = YES;
				CLANG_ENABLE_OBJC_WEAK = YES;
				CLANG_WARN_BLOCK_CAPTURE_AUTORELEASING = YES;
				CLANG_WARN_BOOL_CONVERSION = YES;
				CLANG_WARN_COMMA = YES;
				CLANG_WARN_CONSTANT_CONVERSION = YES;
				CLANG_WARN_DEPRECATED_OBJC_IMPLEMENTATIONS = YES;
				CLANG_WARN_DIRECT_OBJC_ISA_USAGE = YES_ERROR;
				CLANG_WARN_DOCUMENTATION_COMMENTS = YES;
				CLANG_WARN_EMPTY_BODY = YES;
				CLANG_WARN_ENUM_CONVERSION = YES;
				CLANG_WARN_INFINITE_RECURSION = YES;
				CLANG_WARN_INT_CONVERSION = YES;
				CLANG_WARN_NON_LITERAL_NULL_CONVERSION = YES;
				CLANG_WARN_OBJC_IMPLICIT_RETAIN_SELF = YES;
				CLANG_WARN_OBJC_LITERAL_CONVERSION = YES;
				CLANG_WARN_OBJC_ROOT_CLASS = YES_ERROR;
				CLANG_WARN_RANGE_LOOP_ANALYSIS = YES;
				CLANG_WARN_STRICT_PROTOTYPES = YES;
				CLANG_WARN_SUSPICIOUS_MOVE = YES;
				CLANG_WARN_UNGUARDED_AVAILABILITY = YES_AGGRESSIVE;
				CLANG_WARN_UNREACHABLE_CODE = YES;
				CLANG_WARN__DUPLICATE_METHOD_MATCH = YES;
				CODE_SIGN_IDENTITY = "iPhone Developer";
				COPY_PHASE_STRIP = NO;
				DEBUG_INFORMATION_FORMAT = dwarf;
				ENABLE_STRICT_OBJC_MSGSEND = YES;
				ENABLE_TESTABILITY = YES;
				GCC_C_LANGUAGE_STANDARD = gnu11;
				GCC_DYNAMIC_NO_PIC = NO;
				GCC_NO_COMMON_BLOCKS = YES;
				GCC_OPTIMIZATION_LEVEL = 0;
				GCC_PREPROCESSOR_DEFINITIONS = (
					"DEBUG=1",
					"$(inherited)",
				);
				GCC_WARN_64_TO_32_BIT_CONVERSION = YES;
				GCC_WARN_ABOUT_RETURN_TYPE = YES_ERROR;
				GCC_WARN_UNDECLARED_SELECTOR = YES;
				GCC_WARN_UNINITIALIZED_AUTOS = YES_AGGRESSIVE;
				GCC_WARN_UNUSED_FUNCTION = YES;
				GCC_WARN_UNUSED_VARIABLE = YES;
				IPHONEOS_DEPLOYMENT_TARGET = 12.4;
				MTL_ENABLE_DEBUG_INFO = INCLUDE_SOURCE;
				MTL_FAST_MATH = YES;
				ONLY_ACTIVE_ARCH = YES;
				SDKROOT = iphoneos;
				SWIFT_ACTIVE_COMPILATION_CONDITIONS = DEBUG;
				SWIFT_OPTIMIZATION_LEVEL = "-Onone";
			};
			name = Debug;
		};
		3BB0412E2427C75D005759F6 /* Release */ = {
			isa = XCBuildConfiguration;
			buildSettings = {
				ALWAYS_SEARCH_USER_PATHS = NO;
				CLANG_ANALYZER_NONNULL = YES;
				CLANG_ANALYZER_NUMBER_OBJECT_CONVERSION = YES_AGGRESSIVE;
				CLANG_CXX_LANGUAGE_STANDARD = "gnu++14";
				CLANG_CXX_LIBRARY = "libc++";
				CLANG_ENABLE_MODULES = YES;
				CLANG_ENABLE_OBJC_ARC = YES;
				CLANG_ENABLE_OBJC_WEAK = YES;
				CLANG_WARN_BLOCK_CAPTURE_AUTORELEASING = YES;
				CLANG_WARN_BOOL_CONVERSION = YES;
				CLANG_WARN_COMMA = YES;
				CLANG_WARN_CONSTANT_CONVERSION = YES;
				CLANG_WARN_DEPRECATED_OBJC_IMPLEMENTATIONS = YES;
				CLANG_WARN_DIRECT_OBJC_ISA_USAGE = YES_ERROR;
				CLANG_WARN_DOCUMENTATION_COMMENTS = YES;
				CLANG_WARN_EMPTY_BODY = YES;
				CLANG_WARN_ENUM_CONVERSION = YES;
				CLANG_WARN_INFINITE_RECURSION = YES;
				CLANG_WARN_INT_CONVERSION = YES;
				CLANG_WARN_NON_LITERAL_NULL_CONVERSION = YES;
				CLANG_WARN_OBJC_IMPLICIT_RETAIN_SELF = YES;
				CLANG_WARN_OBJC_LITERAL_CONVERSION = YES;
				CLANG_WARN_OBJC_ROOT_CLASS = YES_ERROR;
				CLANG_WARN_RANGE_LOOP_ANALYSIS = YES;
				CLANG_WARN_STRICT_PROTOTYPES = YES;
				CLANG_WARN_SUSPICIOUS_MOVE = YES;
				CLANG_WARN_UNGUARDED_AVAILABILITY = YES_AGGRESSIVE;
				CLANG_WARN_UNREACHABLE_CODE = YES;
				CLANG_WARN__DUPLICATE_METHOD_MATCH = YES;
				CODE_SIGN_IDENTITY = "iPhone Developer";
				COPY_PHASE_STRIP = NO;
				DEBUG_INFORMATION_FORMAT = "dwarf-with-dsym";
				ENABLE_NS_ASSERTIONS = NO;
				ENABLE_STRICT_OBJC_MSGSEND = YES;
				GCC_C_LANGUAGE_STANDARD = gnu11;
				GCC_NO_COMMON_BLOCKS = YES;
				GCC_WARN_64_TO_32_BIT_CONVERSION = YES;
				GCC_WARN_ABOUT_RETURN_TYPE = YES_ERROR;
				GCC_WARN_UNDECLARED_SELECTOR = YES;
				GCC_WARN_UNINITIALIZED_AUTOS = YES_AGGRESSIVE;
				GCC_WARN_UNUSED_FUNCTION = YES;
				GCC_WARN_UNUSED_VARIABLE = YES;
				IPHONEOS_DEPLOYMENT_TARGET = 12.4;
				MTL_ENABLE_DEBUG_INFO = NO;
				MTL_FAST_MATH = YES;
				SDKROOT = iphoneos;
				SWIFT_COMPILATION_MODE = wholemodule;
				SWIFT_OPTIMIZATION_LEVEL = "-O";
				VALIDATE_PRODUCT = YES;
			};
			name = Release;
		};
		3BB041302427C75D005759F6 /* Debug */ = {
			isa = XCBuildConfiguration;
			buildSettings = {
				ASSETCATALOG_COMPILER_APPICON_NAME = AppIcon;
				CODE_SIGN_STYLE = Automatic;
				INFOPLIST_FILE = MySqlLiteDatabaseApp/Info.plist;
				LD_RUNPATH_SEARCH_PATHS = (
					"$(inherited)",
					"@executable_path/Frameworks",
				);
				PRODUCT_BUNDLE_IDENTIFIER = com.sherwin.MySqlLiteDatabaseApp;
				PRODUCT_NAME = "$(TARGET_NAME)";
				SWIFT_VERSION = 5.0;
				TARGETED_DEVICE_FAMILY = "1,2";
			};
			name = Debug;
		};
		3BB041312427C75D005759F6 /* Release */ = {
			isa = XCBuildConfiguration;
			buildSettings = {
				ASSETCATALOG_COMPILER_APPICON_NAME = AppIcon;
				CODE_SIGN_STYLE = Automatic;
				INFOPLIST_FILE = MySqlLiteDatabaseApp/Info.plist;
				LD_RUNPATH_SEARCH_PATHS = (
					"$(inherited)",
					"@executable_path/Frameworks",
				);
				PRODUCT_BUNDLE_IDENTIFIER = com.sherwin.MySqlLiteDatabaseApp;
				PRODUCT_NAME = "$(TARGET_NAME)";
				SWIFT_VERSION = 5.0;
				TARGETED_DEVICE_FAMILY = "1,2";
			};
			name = Release;
		};
/* End XCBuildConfiguration section */

/* Begin XCConfigurationList section */
		3BB041182427C75C005759F6 /* Build configuration list for PBXProject "MySqlLiteDatabaseApp" */ = {
			isa = XCConfigurationList;
			buildConfigurations = (
				3BB0412D2427C75D005759F6 /* Debug */,
				3BB0412E2427C75D005759F6 /* Release */,
			);
			defaultConfigurationIsVisible = 0;
			defaultConfigurationName = Release;
		};
		3BB0412F2427C75D005759F6 /* Build configuration list for PBXNativeTarget "MySqlLiteDatabaseApp" */ = {
			isa = XCConfigurationList;
			buildConfigurations = (
				3BB041302427C75D005759F6 /* Debug */,
				3BB041312427C75D005759F6 /* Release */,
			);
			defaultConfigurationIsVisible = 0;
			defaultConfigurationName = Release;
		};
/* End XCConfigurationList section */
	};
	rootObject = 3BB041152427C75C005759F6 /* Project object */;
}
